version = 1
revision = 1
requires-python = ">=3.12"

[[package]]
name = "redis"
version = "6.0.0"
source = { registry = "https://pypi.org/simple" }
sdist = { url = "https://files.pythonhosted.org/packages/79/12/dffaaa4374b8d5f3b7ff5c40025c9db387e06264302d5a9da6043cd84e1f/redis-6.0.0.tar.gz", hash = "sha256:5446780d2425b787ed89c91ddbfa1be6d32370a636c8fdb687f11b1c26c1fa88", size = 4620969 }
wheels = [
    { url = "https://files.pythonhosted.org/packages/08/c8/68081c9d3531f7b2a4d663326b96a9dcbc2aef47df3c6b5c38dea90dff02/redis-6.0.0-py3-none-any.whl", hash = "sha256:a2e040aee2cdd947be1fa3a32e35a956cd839cc4c1dbbe4b2cdee5b9623fd27c", size = 268950 },
]

[[package]]
name = "redis-producer-consumer"
version = "0.1.0"
source = { virtual = "." }
dependencies = [
    { name = "redis" },
]

[package.metadata]
requires-dist = [{ name = "redis", specifier = ">=6.0.0" }]
